{
  "name": "JESTR",
  "lockfileVersion": 2,
  "requires": true,
  "packages": {
    "": {
      "dependencies": {
        "@headlessui/react": "^1.7.14",
        "@heroicons/react": "^2.0.17",
        "react-table": "^7.8.0"
      }
    },
    "node_modules/@headlessui/react": {
      "version": "1.7.14",
      "resolved": "https://registry.npmjs.org/@headlessui/react/-/react-1.7.14.tgz",
      "integrity": "sha512-znzdq9PG8rkwcu9oQ2FwIy0ZFtP9Z7ycS+BAqJ3R5EIqC/0bJGvhT7193rFf+45i9nnPsYvCQVW4V/bB9Xc+gA==",
      "dependencies": {
        "client-only": "^0.0.1"
      },
      "engines": {
        "node": ">=10"
      },
      "peerDependencies": {
        "react": "^16 || ^17 || ^18",
        "react-dom": "^16 || ^17 || ^18"
      }
    },
    "node_modules/@heroicons/react": {
      "version": "2.0.17",
      "resolved": "https://registry.npmjs.org/@heroicons/react/-/react-2.0.17.tgz",
      "integrity": "sha512-90GMZktkA53YbNzHp6asVEDevUQCMtxWH+2UK2S8OpnLEu7qckTJPhNxNQG52xIR1WFTwFqtH6bt7a60ZNcLLA==",
      "peerDependencies": {
        "react": ">= 16"
      }
    },
    "node_modules/client-only": {
      "version": "0.0.1",
      "resolved": "https://registry.npmjs.org/client-only/-/client-only-0.0.1.tgz",
      "integrity": "sha512-IV3Ou0jSMzZrd3pZ48nLkT9DA7Ag1pnPzaiQhpW7c3RbcqqzvzzVu+L8gfqMp/8IM2MQtSiqaCxrrcfu8I8rMA=="
    },
    "node_modules/react-table": {
      "version": "7.8.0",
      "resolved": "https://registry.npmjs.org/react-table/-/react-table-7.8.0.tgz",
      "integrity": "sha512-hNaz4ygkZO4bESeFfnfOft73iBUj8K5oKi1EcSHPAibEydfsX2MyU6Z8KCr3mv3C9Kqqh71U+DhZkFvibbnPbA==",
      "funding": {
        "type": "github",
        "url": "https://github.com/sponsors/tannerlinsley"
      },
      "peerDependencies": {
        "react": "^16.8.3 || ^17.0.0-0 || ^18.0.0"
      }
    }
  },
  "dependencies": {
    "@headlessui/react": {
      "version": "1.7.14",
      "resolved": "https://registry.npmjs.org/@headlessui/react/-/react-1.7.14.tgz",
      "integrity": "sha512-znzdq9PG8rkwcu9oQ2FwIy0ZFtP9Z7ycS+BAqJ3R5EIqC/0bJGvhT7193rFf+45i9nnPsYvCQVW4V/bB9Xc+gA==",
      "requires": {
        "client-only": "^0.0.1"
      }
    },
    "@heroicons/react": {
      "version": "2.0.17",
      "resolved": "https://registry.npmjs.org/@heroicons/react/-/react-2.0.17.tgz",
      "integrity": "sha512-90GMZktkA53YbNzHp6asVEDevUQCMtxWH+2UK2S8OpnLEu7qckTJPhNxNQG52xIR1WFTwFqtH6bt7a60ZNcLLA=="
    },
    "client-only": {
      "version": "0.0.1",
      "resolved": "https://registry.npmjs.org/client-only/-/client-only-0.0.1.tgz",
      "integrity": "sha512-IV3Ou0jSMzZrd3pZ48nLkT9DA7Ag1pnPzaiQhpW7c3RbcqqzvzzVu+L8gfqMp/8IM2MQtSiqaCxrrcfu8I8rMA=="
    },
    "react-table": {
      "version": "7.8.0",
      "resolved": "https://registry.npmjs.org/react-table/-/react-table-7.8.0.tgz",
      "integrity": "sha512-hNaz4ygkZO4bESeFfnfOft73iBUj8K5oKi1EcSHPAibEydfsX2MyU6Z8KCr3mv3C9Kqqh71U+DhZkFvibbnPbA=="
    }
  }
}
